
Microsoft Visual Studio Solution File, Format Version 12.00
# Visual Studio Version 16
VisualStudioVersion = 16.0.29613.14
MinimumVisualStudioVersion = 10.0.40219.1
Project("{9A19103F-16F7-4668-BE54-9A1E7A4F7556}") = "WebhookDebugger", "WebhookDebugger\WebhookDebugger.csproj", "{1722B27F-485A-4556-BC5F-6C7BC7E49525}"
EndProject
Project("{2150E333-8FDC-42A3-9474-1A3956D46DE8}") = "Solution items", "Solution items", "{AD45E3E6-27BF-4912-93A9-DB1CE4E377D4}"
	ProjectSection(SolutionItems) = preProject
		Dockerfile = Dockerfile
		dockerrun = dockerrun
		LICENSE = LICENSE
		readme.MD = readme.MD
		Postman\Admin.postman_collection.json = Postman\Admin.postman_collection.json
		Postman\WebhookDebugger.postman_collection.json = Postman\WebhookDebugger.postman_collection.json
	EndProjectSection
EndProject
Global
	GlobalSection(SolutionConfigurationPlatforms) = preSolution
		Debug|Any CPU = Debug|Any CPU
		Release|Any CPU = Release|Any CPU
	EndGlobalSection
	GlobalSection(ProjectConfigurationPlatforms) = postSolution
		{1722B27F-485A-4556-BC5F-6C7BC7E49525}.Debug|Any CPU.ActiveCfg = Debug|Any CPU
		{1722B27F-485A-4556-BC5F-6C7BC7E49525}.Debug|Any CPU.Build.0 = Debug|Any CPU
		{1722B27F-485A-4556-BC5F-6C7BC7E49525}.Release|Any CPU.ActiveCfg = Release|Any CPU
		{1722B27F-485A-4556-BC5F-6C7BC7E49525}.Release|Any CPU.Build.0 = Release|Any CPU
	EndGlobalSection
	GlobalSection(SolutionProperties) = preSolution
		HideSolutionNode = FALSE
	EndGlobalSection
	GlobalSection(ExtensibilityGlobals) = postSolution
		SolutionGuid = {89E0F9B6-340F-4F67-AF36-80D4C9625F7C}
	EndGlobalSection
EndGlobal
